// !$*UTF8*$!
{
	archiveVersion = 1;
	classes = {
	};
	objectVersion = 48;
	objects = {

/* Begin PBXBuildFile section */
		4B2F2C442063B01E002780BB /* TemplateViewController.swift in Sources */ = {isa = PBXBuildFile; fileRef = 4B2F2C422063B01E002780BB /* TemplateViewController.swift */; };
		4B2F2C452063B01E002780BB /* TemplateViewController.xib in Resources */ = {isa = PBXBuildFile; fileRef = 4B2F2C432063B01E002780BB /* TemplateViewController.xib */; };
		4B2F2C492063B28F002780BB /* TestViewController.swift in Sources */ = {isa = PBXBuildFile; fileRef = 4B2F2C472063B28F002780BB /* TestViewController.swift */; };
		4B2F2C4A2063B28F002780BB /* TestViewController.xib in Resources */ = {isa = PBXBuildFile; fileRef = 4B2F2C482063B28F002780BB /* TestViewController.xib */; };
		4B2F2C4D2064EF73002780BB /* TestTableViewCell.swift in Sources */ = {isa = PBXBuildFile; fileRef = 4B2F2C4B2064EF73002780BB /* TestTableViewCell.swift */; };
		4B2F2C4E2064EF73002780BB /* TestTableViewCell.xib in Resources */ = {isa = PBXBuildFile; fileRef = 4B2F2C4C2064EF73002780BB /* TestTableViewCell.xib */; };
		4B2F2C532064F2B1002780BB /* PhotoPreviewViewController.swift in Sources */ = {isa = PBXBuildFile; fileRef = 4B2F2C512064F2B1002780BB /* PhotoPreviewViewController.swift */; };
		4B2F2C542064F2B1002780BB /* PhotoPreviewViewController.xib in Resources */ = {isa = PBXBuildFile; fileRef = 4B2F2C522064F2B1002780BB /* PhotoPreviewViewController.xib */; };
		4B2F2C572064F2DB002780BB /* IntroduceViewController1.swift in Sources */ = {isa = PBXBuildFile; fileRef = 4B2F2C552064F2DB002780BB /* IntroduceViewController1.swift */; };
		4B2F2C582064F2DB002780BB /* IntroduceViewController1.xib in Resources */ = {isa = PBXBuildFile; fileRef = 4B2F2C562064F2DB002780BB /* IntroduceViewController1.xib */; };
		4B490A89205A173F0095E385 /* BaseService.swift in Sources */ = {isa = PBXBuildFile; fileRef = 4B490A66205A173E0095E385 /* BaseService.swift */; };
		4B490A8B205A173F0095E385 /* UserService.swift in Sources */ = {isa = PBXBuildFile; fileRef = 4B490A69205A173E0095E385 /* UserService.swift */; };
		4B490A8E205A173F0095E385 /* GoogleServices.swift in Sources */ = {isa = PBXBuildFile; fileRef = 4B490A6C205A173E0095E385 /* GoogleServices.swift */; };
		4B490A91205A173F0095E385 /* Strings.swift in Sources */ = {isa = PBXBuildFile; fileRef = 4B490A70205A173F0095E385 /* Strings.swift */; };
		4B490A93205A173F0095E385 /* Fonts.swift in Sources */ = {isa = PBXBuildFile; fileRef = 4B490A72205A173F0095E385 /* Fonts.swift */; };
		4B490A94205A173F0095E385 /* Colors.swift in Sources */ = {isa = PBXBuildFile; fileRef = 4B490A73205A173F0095E385 /* Colors.swift */; };
		4B490A95205A173F0095E385 /* AppConfig.swift in Sources */ = {isa = PBXBuildFile; fileRef = 4B490A74205A173F0095E385 /* AppConfig.swift */; };
		4B490A96205A173F0095E385 /* APIPath.swift in Sources */ = {isa = PBXBuildFile; fileRef = 4B490A75205A173F0095E385 /* APIPath.swift */; };
		4B490A97205A173F0095E385 /* Assets.xcassets in Resources */ = {isa = PBXBuildFile; fileRef = 4B490A78205A173F0095E385 /* Assets.xcassets */; };
		4B490A99205A173F0095E385 /* LaunchScreen.storyboard in Resources */ = {isa = PBXBuildFile; fileRef = 4B490A7C205A173F0095E385 /* LaunchScreen.storyboard */; };
		4B490A9A205A173F0095E385 /* AppDelegate.swift in Sources */ = {isa = PBXBuildFile; fileRef = 4B490A7E205A173F0095E385 /* AppDelegate.swift */; };
		4B490A9D205A173F0095E385 /* Common.swift in Sources */ = {isa = PBXBuildFile; fileRef = 4B490A84205A173F0095E385 /* Common.swift */; };
		4B490A9E205A173F0095E385 /* UIKit+Extensions.swift in Sources */ = {isa = PBXBuildFile; fileRef = 4B490A86205A173F0095E385 /* UIKit+Extensions.swift */; };
		4B490A9F205A173F0095E385 /* Foundation+Extensions.swift in Sources */ = {isa = PBXBuildFile; fileRef = 4B490A87205A173F0095E385 /* Foundation+Extensions.swift */; };
		4B490AA1205A17FD0095E385 /* SplashScreen.xib in Resources */ = {isa = PBXBuildFile; fileRef = 4B490AA0205A17FD0095E385 /* SplashScreen.xib */; };
		4B490AA3205A20530095E385 /* UserObject.swift in Sources */ = {isa = PBXBuildFile; fileRef = 4B490AA2205A20530095E385 /* UserObject.swift */; };
		4B490AA6205A2AC20095E385 /* BaseViewController.swift in Sources */ = {isa = PBXBuildFile; fileRef = 4B490AA5205A2AC20095E385 /* BaseViewController.swift */; };
		4B490AA8205A30FC0095E385 /* FontAwesome.otf in Resources */ = {isa = PBXBuildFile; fileRef = 4B490A7A205A173F0095E385 /* FontAwesome.otf */; };
		4B490AAC205A516B0095E385 /* HomeViewController.swift in Sources */ = {isa = PBXBuildFile; fileRef = 4B490AAA205A516B0095E385 /* HomeViewController.swift */; };
		4B490AAD205A516B0095E385 /* HomeViewController.xib in Resources */ = {isa = PBXBuildFile; fileRef = 4B490AAB205A516B0095E385 /* HomeViewController.xib */; };
		8B5227C4473F56882DD7B496 /* Pods_Template.framework in Frameworks */ = {isa = PBXBuildFile; fileRef = A3B1082B18278654B5534C2F /* Pods_Template.framework */; };
/* End PBXBuildFile section */

/* Begin PBXFileReference section */
		4B2F2C422063B01E002780BB /* TemplateViewController.swift */ = {isa = PBXFileReference; lastKnownFileType = sourcecode.swift; path = TemplateViewController.swift; sourceTree = "<group>"; };
		4B2F2C432063B01E002780BB /* TemplateViewController.xib */ = {isa = PBXFileReference; lastKnownFileType = file.xib; path = TemplateViewController.xib; sourceTree = "<group>"; };
		4B2F2C472063B28F002780BB /* TestViewController.swift */ = {isa = PBXFileReference; lastKnownFileType = sourcecode.swift; path = TestViewController.swift; sourceTree = "<group>"; };
		4B2F2C482063B28F002780BB /* TestViewController.xib */ = {isa = PBXFileReference; lastKnownFileType = file.xib; path = TestViewController.xib; sourceTree = "<group>"; };
		4B2F2C4B2064EF73002780BB /* TestTableViewCell.swift */ = {isa = PBXFileReference; lastKnownFileType = sourcecode.swift; path = TestTableViewCell.swift; sourceTree = "<group>"; };
		4B2F2C4C2064EF73002780BB /* TestTableViewCell.xib */ = {isa = PBXFileReference; lastKnownFileType = file.xib; path = TestTableViewCell.xib; sourceTree = "<group>"; };
		4B2F2C512064F2B1002780BB /* PhotoPreviewViewController.swift */ = {isa = PBXFileReference; fileEncoding = 4; lastKnownFileType = sourcecode.swift; path = PhotoPreviewViewController.swift; sourceTree = "<group>"; };
		4B2F2C522064F2B1002780BB /* PhotoPreviewViewController.xib */ = {isa = PBXFileReference; fileEncoding = 4; lastKnownFileType = file.xib; path = PhotoPreviewViewController.xib; sourceTree = "<group>"; };
		4B2F2C552064F2DB002780BB /* IntroduceViewController1.swift */ = {isa = PBXFileReference; lastKnownFileType = sourcecode.swift; path = IntroduceViewController1.swift; sourceTree = "<group>"; };
		4B2F2C562064F2DB002780BB /* IntroduceViewController1.xib */ = {isa = PBXFileReference; lastKnownFileType = file.xib; path = IntroduceViewController1.xib; sourceTree = "<group>"; };
		4B490A4F205A0AFD0095E385 /* Template.app */ = {isa = PBXFileReference; explicitFileType = wrapper.application; includeInIndex = 0; path = Template.app; sourceTree = BUILT_PRODUCTS_DIR; };
		4B490A66205A173E0095E385 /* BaseService.swift */ = {isa = PBXFileReference; fileEncoding = 4; lastKnownFileType = sourcecode.swift; path = BaseService.swift; sourceTree = "<group>"; };
		4B490A69205A173E0095E385 /* UserService.swift */ = {isa = PBXFileReference; fileEncoding = 4; lastKnownFileType = sourcecode.swift; path = UserService.swift; sourceTree = "<group>"; };
		4B490A6C205A173E0095E385 /* GoogleServices.swift */ = {isa = PBXFileReference; fileEncoding = 4; lastKnownFileType = sourcecode.swift; path = GoogleServices.swift; sourceTree = "<group>"; };
		4B490A70205A173F0095E385 /* Strings.swift */ = {isa = PBXFileReference; fileEncoding = 4; lastKnownFileType = sourcecode.swift; path = Strings.swift; sourceTree = "<group>"; };
		4B490A72205A173F0095E385 /* Fonts.swift */ = {isa = PBXFileReference; fileEncoding = 4; lastKnownFileType = sourcecode.swift; path = Fonts.swift; sourceTree = "<group>"; };
		4B490A73205A173F0095E385 /* Colors.swift */ = {isa = PBXFileReference; fileEncoding = 4; lastKnownFileType = sourcecode.swift; path = Colors.swift; sourceTree = "<group>"; };
		4B490A74205A173F0095E385 /* AppConfig.swift */ = {isa = PBXFileReference; fileEncoding = 4; lastKnownFileType = sourcecode.swift; path = AppConfig.swift; sourceTree = "<group>"; };
		4B490A75205A173F0095E385 /* APIPath.swift */ = {isa = PBXFileReference; fileEncoding = 4; lastKnownFileType = sourcecode.swift; path = APIPath.swift; sourceTree = "<group>"; };
		4B490A78205A173F0095E385 /* Assets.xcassets */ = {isa = PBXFileReference; lastKnownFileType = folder.assetcatalog; path = Assets.xcassets; sourceTree = "<group>"; };
		4B490A7A205A173F0095E385 /* FontAwesome.otf */ = {isa = PBXFileReference; lastKnownFileType = file; path = FontAwesome.otf; sourceTree = "<group>"; };
		4B490A7D205A173F0095E385 /* Base */ = {isa = PBXFileReference; lastKnownFileType = file.storyboard; name = Base; path = Base.lproj/LaunchScreen.storyboard; sourceTree = "<group>"; };
		4B490A7E205A173F0095E385 /* AppDelegate.swift */ = {isa = PBXFileReference; fileEncoding = 4; lastKnownFileType = sourcecode.swift; path = AppDelegate.swift; sourceTree = "<group>"; };
		4B490A7F205A173F0095E385 /* Info.plist */ = {isa = PBXFileReference; fileEncoding = 4; lastKnownFileType = text.plist.xml; path = Info.plist; sourceTree = "<group>"; };
		4B490A84205A173F0095E385 /* Common.swift */ = {isa = PBXFileReference; fileEncoding = 4; lastKnownFileType = sourcecode.swift; path = Common.swift; sourceTree = "<group>"; };
		4B490A86205A173F0095E385 /* UIKit+Extensions.swift */ = {isa = PBXFileReference; fileEncoding = 4; lastKnownFileType = sourcecode.swift; path = "UIKit+Extensions.swift"; sourceTree = "<group>"; };
		4B490A87205A173F0095E385 /* Foundation+Extensions.swift */ = {isa = PBXFileReference; fileEncoding = 4; lastKnownFileType = sourcecode.swift; path = "Foundation+Extensions.swift"; sourceTree = "<group>"; };
		4B490AA0205A17FD0095E385 /* SplashScreen.xib */ = {isa = PBXFileReference; fileEncoding = 4; lastKnownFileType = file.xib; path = SplashScreen.xib; sourceTree = "<group>"; };
		4B490AA2205A20530095E385 /* UserObject.swift */ = {isa = PBXFileReference; fileEncoding = 4; lastKnownFileType = sourcecode.swift; path = UserObject.swift; sourceTree = "<group>"; };
		4B490AA5205A2AC20095E385 /* BaseViewController.swift */ = {isa = PBXFileReference; fileEncoding = 4; lastKnownFileType = sourcecode.swift; path = BaseViewController.swift; sourceTree = "<group>"; };
		4B490AAA205A516B0095E385 /* HomeViewController.swift */ = {isa = PBXFileReference; lastKnownFileType = sourcecode.swift; path = HomeViewController.swift; sourceTree = "<group>"; };
		4B490AAB205A516B0095E385 /* HomeViewController.xib */ = {isa = PBXFileReference; lastKnownFileType = file.xib; path = HomeViewController.xib; sourceTree = "<group>"; };
		A3B1082B18278654B5534C2F /* Pods_Template.framework */ = {isa = PBXFileReference; explicitFileType = wrapper.framework; includeInIndex = 0; path = Pods_Template.framework; sourceTree = BUILT_PRODUCTS_DIR; };
		C2888E3FB123394D149168C1 /* Pods-Template.debug.xcconfig */ = {isa = PBXFileReference; includeInIndex = 1; lastKnownFileType = text.xcconfig; name = "Pods-Template.debug.xcconfig"; path = "Pods/Target Support Files/Pods-Template/Pods-Template.debug.xcconfig"; sourceTree = "<group>"; };
		ED50CEF7A93F3452F6AA38CC /* Pods-Template.release.xcconfig */ = {isa = PBXFileReference; includeInIndex = 1; lastKnownFileType = text.xcconfig; name = "Pods-Template.release.xcconfig"; path = "Pods/Target Support Files/Pods-Template/Pods-Template.release.xcconfig"; sourceTree = "<group>"; };
/* End PBXFileReference section */

/* Begin PBXFrameworksBuildPhase section */
		4B490A4C205A0AFD0095E385 /* Frameworks */ = {
			isa = PBXFrameworksBuildPhase;
			buildActionMask = 2147483647;
			files = (
				8B5227C4473F56882DD7B496 /* Pods_Template.framework in Frameworks */,
			);
			runOnlyForDeploymentPostprocessing = 0;
		};
/* End PBXFrameworksBuildPhase section */

/* Begin PBXGroup section */
		4B2F2C412063AFFB002780BB /* TemplateViewController */ = {
			isa = PBXGroup;
			children = (
				4B2F2C502064F2B1002780BB /* PreviewPhoto */,
				4B2F2C4F2064F28E002780BB /* Introduce */,
				4B2F2C422063B01E002780BB /* TemplateViewController.swift */,
				4B2F2C432063B01E002780BB /* TemplateViewController.xib */,
			);
			path = TemplateViewController;
			sourceTree = "<group>";
		};
		4B2F2C462063B281002780BB /* TestViewController */ = {
			isa = PBXGroup;
			children = (
				4B2F2C472063B28F002780BB /* TestViewController.swift */,
				4B2F2C482063B28F002780BB /* TestViewController.xib */,
				4B2F2C4B2064EF73002780BB /* TestTableViewCell.swift */,
				4B2F2C4C2064EF73002780BB /* TestTableViewCell.xib */,
			);
			path = TestViewController;
			sourceTree = "<group>";
		};
		4B2F2C4F2064F28E002780BB /* Introduce */ = {
			isa = PBXGroup;
			children = (
				4B2F2C552064F2DB002780BB /* IntroduceViewController1.swift */,
				4B2F2C562064F2DB002780BB /* IntroduceViewController1.xib */,
			);
			path = Introduce;
			sourceTree = "<group>";
		};
		4B2F2C502064F2B1002780BB /* PreviewPhoto */ = {
			isa = PBXGroup;
			children = (
				4B2F2C512064F2B1002780BB /* PhotoPreviewViewController.swift */,
				4B2F2C522064F2B1002780BB /* PhotoPreviewViewController.xib */,
			);
			path = PreviewPhoto;
			sourceTree = "<group>";
		};
		4B490A46205A0AFD0095E385 = {
			isa = PBXGroup;
			children = (
				4B490A51205A0AFD0095E385 /* Template */,
				4B490A50205A0AFD0095E385 /* Products */,
				E19DBAC7CD817EA000470570 /* Pods */,
				CF98567D4FA262D896D15DA1 /* Frameworks */,
			);
			sourceTree = "<group>";
		};
		4B490A50205A0AFD0095E385 /* Products */ = {
			isa = PBXGroup;
			children = (
				4B490A4F205A0AFD0095E385 /* Template.app */,
			);
			name = Products;
			sourceTree = "<group>";
		};
		4B490A51205A0AFD0095E385 /* Template */ = {
			isa = PBXGroup;
			children = (
				4B490A7B205A173F0095E385 /* Configuration */,
				4B490A80205A173F0095E385 /* Controllers */,
				4B490A6F205A173F0095E385 /* Define */,
				4B490A81205A173F0095E385 /* Helper */,
				4B490A88205A173F0095E385 /* Models */,
				4B490A76205A173F0095E385 /* Resources */,
				4B490A64205A173E0095E385 /* Services */,
			);
			path = Template;
			sourceTree = "<group>";
		};
		4B490A64205A173E0095E385 /* Services */ = {
			isa = PBXGroup;
			children = (
				4B490A65205A173E0095E385 /* CoreService */,
				4B490A67205A173E0095E385 /* Service */,
			);
			path = Services;
			sourceTree = "<group>";
		};
		4B490A65205A173E0095E385 /* CoreService */ = {
			isa = PBXGroup;
			children = (
				4B490A66205A173E0095E385 /* BaseService.swift */,
			);
			path = CoreService;
			sourceTree = "<group>";
		};
		4B490A67205A173E0095E385 /* Service */ = {
			isa = PBXGroup;
			children = (
				4B490A69205A173E0095E385 /* UserService.swift */,
				4B490A6C205A173E0095E385 /* GoogleServices.swift */,
			);
			path = Service;
			sourceTree = "<group>";
		};
		4B490A6F205A173F0095E385 /* Define */ = {
			isa = PBXGroup;
			children = (
				4B490A70205A173F0095E385 /* Strings.swift */,
				4B490A72205A173F0095E385 /* Fonts.swift */,
				4B490A73205A173F0095E385 /* Colors.swift */,
				4B490A74205A173F0095E385 /* AppConfig.swift */,
				4B490A75205A173F0095E385 /* APIPath.swift */,
			);
			path = Define;
			sourceTree = "<group>";
		};
		4B490A76205A173F0095E385 /* Resources */ = {
			isa = PBXGroup;
			children = (
				4B490A77205A173F0095E385 /* Images */,
				4B490A79205A173F0095E385 /* Fonts */,
			);
			path = Resources;
			sourceTree = "<group>";
		};
		4B490A77205A173F0095E385 /* Images */ = {
			isa = PBXGroup;
			children = (
				4B490A78205A173F0095E385 /* Assets.xcassets */,
			);
			path = Images;
			sourceTree = "<group>";
		};
		4B490A79205A173F0095E385 /* Fonts */ = {
			isa = PBXGroup;
			children = (
				4B490A7A205A173F0095E385 /* FontAwesome.otf */,
			);
			path = Fonts;
			sourceTree = "<group>";
		};
		4B490A7B205A173F0095E385 /* Configuration */ = {
			isa = PBXGroup;
			children = (
				4B490AA0205A17FD0095E385 /* SplashScreen.xib */,
				4B490A7C205A173F0095E385 /* LaunchScreen.storyboard */,
				4B490A7E205A173F0095E385 /* AppDelegate.swift */,
				4B490A7F205A173F0095E385 /* Info.plist */,
			);
			path = Configuration;
			sourceTree = "<group>";
		};
		4B490A80205A173F0095E385 /* Controllers */ = {
			isa = PBXGroup;
			children = (
				4B2F2C462063B281002780BB /* TestViewController */,
				4B2F2C412063AFFB002780BB /* TemplateViewController */,
				4B490AA9205A514D0095E385 /* HomeViewController */,
				4B490AA4205A2AB30095E385 /* BaseViewController */,
			);
			path = Controllers;
			sourceTree = "<group>";
		};
		4B490A81205A173F0095E385 /* Helper */ = {
			isa = PBXGroup;
			children = (
				4B490A84205A173F0095E385 /* Common.swift */,
				4B490A85205A173F0095E385 /* Extensions */,
			);
			path = Helper;
			sourceTree = "<group>";
		};
		4B490A85205A173F0095E385 /* Extensions */ = {
			isa = PBXGroup;
			children = (
				4B490A86205A173F0095E385 /* UIKit+Extensions.swift */,
				4B490A87205A173F0095E385 /* Foundation+Extensions.swift */,
			);
			path = Extensions;
			sourceTree = "<group>";
		};
		4B490A88205A173F0095E385 /* Models */ = {
			isa = PBXGroup;
			children = (
				4B490AA2205A20530095E385 /* UserObject.swift */,
			);
			path = Models;
			sourceTree = "<group>";
		};
		4B490AA4205A2AB30095E385 /* BaseViewController */ = {
			isa = PBXGroup;
			children = (
				4B490AA5205A2AC20095E385 /* BaseViewController.swift */,
			);
			path = BaseViewController;
			sourceTree = "<group>";
		};
		4B490AA9205A514D0095E385 /* HomeViewController */ = {
			isa = PBXGroup;
			children = (
				4B490AAA205A516B0095E385 /* HomeViewController.swift */,
				4B490AAB205A516B0095E385 /* HomeViewController.xib */,
			);
			path = HomeViewController;
			sourceTree = "<group>";
		};
		CF98567D4FA262D896D15DA1 /* Frameworks */ = {
			isa = PBXGroup;
			children = (
				A3B1082B18278654B5534C2F /* Pods_Template.framework */,
			);
			name = Frameworks;
			sourceTree = "<group>";
		};
		E19DBAC7CD817EA000470570 /* Pods */ = {
			isa = PBXGroup;
			children = (
				C2888E3FB123394D149168C1 /* Pods-Template.debug.xcconfig */,
				ED50CEF7A93F3452F6AA38CC /* Pods-Template.release.xcconfig */,
			);
			name = Pods;
			sourceTree = "<group>";
		};
/* End PBXGroup section */

/* Begin PBXNativeTarget section */
		4B490A4E205A0AFD0095E385 /* Template */ = {
			isa = PBXNativeTarget;
			buildConfigurationList = 4B490A61205A0AFD0095E385 /* Build configuration list for PBXNativeTarget "Template" */;
			buildPhases = (
				16C53050947C8D8394BAD5E3 /* [CP] Check Pods Manifest.lock */,
				4B490A4B205A0AFD0095E385 /* Sources */,
				4B490A4C205A0AFD0095E385 /* Frameworks */,
				4B490A4D205A0AFD0095E385 /* Resources */,
				ECCBFA3DB11F1E4E27768F38 /* [CP] Embed Pods Frameworks */,
				5FF99F521FE372A427BA13FB /* [CP] Copy Pods Resources */,
			);
			buildRules = (
			);
			dependencies = (
			);
			name = Template;
			productName = Template;
			productReference = 4B490A4F205A0AFD0095E385 /* Template.app */;
			productType = "com.apple.product-type.application";
		};
/* End PBXNativeTarget section */

/* Begin PBXProject section */
		4B490A47205A0AFD0095E385 /* Project object */ = {
			isa = PBXProject;
			attributes = {
				LastSwiftUpdateCheck = 0910;
				LastUpgradeCheck = 0910;
				ORGANIZATIONNAME = Vinmas;
				TargetAttributes = {
					4B490A4E205A0AFD0095E385 = {
						CreatedOnToolsVersion = 9.1;
						ProvisioningStyle = Manual;
					};
				};
			};
			buildConfigurationList = 4B490A4A205A0AFD0095E385 /* Build configuration list for PBXProject "Template" */;
			compatibilityVersion = "Xcode 8.0";
			developmentRegion = en;
			hasScannedForEncodings = 0;
			knownRegions = (
				en,
				Base,
			);
			mainGroup = 4B490A46205A0AFD0095E385;
			productRefGroup = 4B490A50205A0AFD0095E385 /* Products */;
			projectDirPath = "";
			projectRoot = "";
			targets = (
				4B490A4E205A0AFD0095E385 /* Template */,
			);
		};
/* End PBXProject section */

/* Begin PBXResourcesBuildPhase section */
		4B490A4D205A0AFD0095E385 /* Resources */ = {
			isa = PBXResourcesBuildPhase;
			buildActionMask = 2147483647;
			files = (
				4B2F2C582064F2DB002780BB /* IntroduceViewController1.xib in Resources */,
				4B490A97205A173F0095E385 /* Assets.xcassets in Resources */,
				4B490A99205A173F0095E385 /* LaunchScreen.storyboard in Resources */,
				4B2F2C4E2064EF73002780BB /* TestTableViewCell.xib in Resources */,
				4B490AAD205A516B0095E385 /* HomeViewController.xib in Resources */,
				4B490AA8205A30FC0095E385 /* FontAwesome.otf in Resources */,
				4B490AA1205A17FD0095E385 /* SplashScreen.xib in Resources */,
				4B2F2C542064F2B1002780BB /* PhotoPreviewViewController.xib in Resources */,
				4B2F2C4A2063B28F002780BB /* TestViewController.xib in Resources */,
				4B2F2C452063B01E002780BB /* TemplateViewController.xib in Resources */,
			);
			runOnlyForDeploymentPostprocessing = 0;
		};
/* End PBXResourcesBuildPhase section */

/* Begin PBXShellScriptBuildPhase section */
		16C53050947C8D8394BAD5E3 /* [CP] Check Pods Manifest.lock */ = {
			isa = PBXShellScriptBuildPhase;
			buildActionMask = 2147483647;
			files = (
			);
			inputPaths = (
				"${PODS_PODFILE_DIR_PATH}/Podfile.lock",
				"${PODS_ROOT}/Manifest.lock",
			);
			name = "[CP] Check Pods Manifest.lock";
			outputPaths = (
				"$(DERIVED_FILE_DIR)/Pods-Template-checkManifestLockResult.txt",
			);
			runOnlyForDeploymentPostprocessing = 0;
			shellPath = /bin/sh;
			shellScript = "diff \"${PODS_PODFILE_DIR_PATH}/Podfile.lock\" \"${PODS_ROOT}/Manifest.lock\" > /dev/null\nif [ $? != 0 ] ; then\n    # print error to STDERR\n    echo \"error: The sandbox is not in sync with the Podfile.lock. Run 'pod install' or update your CocoaPods installation.\" >&2\n    exit 1\nfi\n# This output is used by Xcode 'outputs' to avoid re-running this script phase.\necho \"SUCCESS\" > \"${SCRIPT_OUTPUT_FILE_0}\"\n";
			showEnvVarsInLog = 0;
		};
		5FF99F521FE372A427BA13FB /* [CP] Copy Pods Resources */ = {
			isa = PBXShellScriptBuildPhase;
			buildActionMask = 2147483647;
			files = (
			);
			inputPaths = (
				"${SRCROOT}/Pods/Target Support Files/Pods-Template/Pods-Template-resources.sh",
				"${PODS_ROOT}/GoogleMaps/Maps/Frameworks/GoogleMaps.framework/Resources/GoogleMaps.bundle",
				"${PODS_ROOT}/GooglePlaces/Frameworks/GooglePlaces.framework/Resources/GooglePlaces.bundle",
			);
			name = "[CP] Copy Pods Resources";
			outputPaths = (
				"${TARGET_BUILD_DIR}/${UNLOCALIZED_RESOURCES_FOLDER_PATH}/GoogleMaps.bundle",
				"${TARGET_BUILD_DIR}/${UNLOCALIZED_RESOURCES_FOLDER_PATH}/GooglePlaces.bundle",
			);
			runOnlyForDeploymentPostprocessing = 0;
			shellPath = /bin/sh;
			shellScript = "\"${SRCROOT}/Pods/Target Support Files/Pods-Template/Pods-Template-resources.sh\"\n";
			showEnvVarsInLog = 0;
		};
		ECCBFA3DB11F1E4E27768F38 /* [CP] Embed Pods Frameworks */ = {
			isa = PBXShellScriptBuildPhase;
			buildActionMask = 2147483647;
			files = (
			);
			inputPaths = (
				"${SRCROOT}/Pods/Target Support Files/Pods-Template/Pods-Template-frameworks.sh",
				"${BUILT_PRODUCTS_DIR}/Alamofire/Alamofire.framework",
				"${BUILT_PRODUCTS_DIR}/AlamofireObjectMapper/AlamofireObjectMapper.framework",
				"${BUILT_PRODUCTS_DIR}/FSPagerView/FSPagerView.framework",
				"${BUILT_PRODUCTS_DIR}/JTMaterialTransition/JTMaterialTransition.framework",
				"${BUILT_PRODUCTS_DIR}/NVActivityIndicatorView/NVActivityIndicatorView.framework",
				"${BUILT_PRODUCTS_DIR}/ObjectMapper/ObjectMapper.framework",
				"${BUILT_PRODUCTS_DIR}/SwiftUtils/SwiftUtils.framework",
			);
			name = "[CP] Embed Pods Frameworks";
			outputPaths = (
				"${TARGET_BUILD_DIR}/${FRAMEWORKS_FOLDER_PATH}/Alamofire.framework",
				"${TARGET_BUILD_DIR}/${FRAMEWORKS_FOLDER_PATH}/AlamofireObjectMapper.framework",
				"${TARGET_BUILD_DIR}/${FRAMEWORKS_FOLDER_PATH}/FSPagerView.framework",
				"${TARGET_BUILD_DIR}/${FRAMEWORKS_FOLDER_PATH}/JTMaterialTransition.framework",
				"${TARGET_BUILD_DIR}/${FRAMEWORKS_FOLDER_PATH}/NVActivityIndicatorView.framework",
				"${TARGET_BUILD_DIR}/${FRAMEWORKS_FOLDER_PATH}/ObjectMapper.framework",
				"${TARGET_BUILD_DIR}/${FRAMEWORKS_FOLDER_PATH}/SwiftUtils.framework",
			);
			runOnlyForDeploymentPostprocessing = 0;
			shellPath = /bin/sh;
			shellScript = "\"${SRCROOT}/Pods/Target Support Files/Pods-Template/Pods-Template-frameworks.sh\"\n";
			showEnvVarsInLog = 0;
		};
/* End PBXShellScriptBuildPhase section */

/* Begin PBXSourcesBuildPhase section */
		4B490A4B205A0AFD0095E385 /* Sources */ = {
			isa = PBXSourcesBuildPhase;
			buildActionMask = 2147483647;
			files = (
				4B2F2C532064F2B1002780BB /* PhotoPreviewViewController.swift in Sources */,
				4B490A9D205A173F0095E385 /* Common.swift in Sources */,
				4B490A94205A173F0095E385 /* Colors.swift in Sources */,
				4B490A91205A173F0095E385 /* Strings.swift in Sources */,
				4B490AA3205A20530095E385 /* UserObject.swift in Sources */,
				4B490A89205A173F0095E385 /* BaseService.swift in Sources */,
				4B490AAC205A516B0095E385 /* HomeViewController.swift in Sources */,
				4B490AA6205A2AC20095E385 /* BaseViewController.swift in Sources */,
				4B490A9A205A173F0095E385 /* AppDelegate.swift in Sources */,
				4B490A9F205A173F0095E385 /* Foundation+Extensions.swift in Sources */,
				4B2F2C4D2064EF73002780BB /* TestTableViewCell.swift in Sources */,
				4B2F2C442063B01E002780BB /* TemplateViewController.swift in Sources */,
				4B490A96205A173F0095E385 /* APIPath.swift in Sources */,
				4B490A93205A173F0095E385 /* Fonts.swift in Sources */,
				4B490A8B205A173F0095E385 /* UserService.swift in Sources */,
				4B490A95205A173F0095E385 /* AppConfig.swift in Sources */,
				4B490A8E205A173F0095E385 /* GoogleServices.swift in Sources */,
				4B2F2C492063B28F002780BB /* TestViewController.swift in Sources */,
				4B2F2C572064F2DB002780BB /* IntroduceViewController1.swift in Sources */,
				4B490A9E205A173F0095E385 /* UIKit+Extensions.swift in Sources */,
			);
			runOnlyForDeploymentPostprocessing = 0;
		};
/* End PBXSourcesBuildPhase section */

/* Begin PBXVariantGroup section */
		4B490A7C205A173F0095E385 /* LaunchScreen.storyboard */ = {
			isa = PBXVariantGroup;
			children = (
				4B490A7D205A173F0095E385 /* Base */,
			);
			name = LaunchScreen.storyboard;
			sourceTree = "<group>";
		};
/* End PBXVariantGroup section */

/* Begin XCBuildConfiguration section */
		4B490A5F205A0AFD0095E385 /* Debug */ = {
			isa = XCBuildConfiguration;
			buildSettings = {
				ALWAYS_SEARCH_USER_PATHS = NO;
				CLANG_ANALYZER_NONNULL = YES;
				CLANG_ANALYZER_NUMBER_OBJECT_CONVERSION = YES_AGGRESSIVE;
				CLANG_CXX_LANGUAGE_STANDARD = "gnu++14";
				CLANG_CXX_LIBRARY = "libc++";
				CLANG_ENABLE_MODULES = YES;
				CLANG_ENABLE_OBJC_ARC = YES;
				CLANG_WARN_BLOCK_CAPTURE_AUTORELEASING = YES;
				CLANG_WARN_BOOL_CONVERSION = YES;
				CLANG_WARN_COMMA = YES;
				CLANG_WARN_CONSTANT_CONVERSION = YES;
				CLANG_WARN_DIRECT_OBJC_ISA_USAGE = YES_ERROR;
				CLANG_WARN_DOCUMENTATION_COMMENTS = YES;
				CLANG_WARN_EMPTY_BODY = YES;
				CLANG_WARN_ENUM_CONVERSION = YES;
				CLANG_WARN_INFINITE_RECURSION = YES;
				CLANG_WARN_INT_CONVERSION = YES;
				CLANG_WARN_NON_LITERAL_NULL_CONVERSION = YES;
				CLANG_WARN_OBJC_LITERAL_CONVERSION = YES;
				CLANG_WARN_OBJC_ROOT_CLASS = YES_ERROR;
				CLANG_WARN_RANGE_LOOP_ANALYSIS = YES;
				CLANG_WARN_STRICT_PROTOTYPES = YES;
				CLANG_WARN_SUSPICIOUS_MOVE = YES;
				CLANG_WARN_UNGUARDED_AVAILABILITY = YES_AGGRESSIVE;
				CLANG_WARN_UNREACHABLE_CODE = YES;
				CLANG_WARN__DUPLICATE_METHOD_MATCH = YES;
				CODE_SIGN_IDENTITY = "iPhone Developer";
				COPY_PHASE_STRIP = NO;
				DEBUG_INFORMATION_FORMAT = dwarf;
				ENABLE_STRICT_OBJC_MSGSEND = YES;
				ENABLE_TESTABILITY = YES;
				GCC_C_LANGUAGE_STANDARD = gnu11;
				GCC_DYNAMIC_NO_PIC = NO;
				GCC_NO_COMMON_BLOCKS = YES;
				GCC_OPTIMIZATION_LEVEL = 0;
				GCC_PREPROCESSOR_DEFINITIONS = (
					"DEBUG=1",
					"$(inherited)",
				);
				GCC_WARN_64_TO_32_BIT_CONVERSION = YES;
				GCC_WARN_ABOUT_RETURN_TYPE = YES_ERROR;
				GCC_WARN_UNDECLARED_SELECTOR = YES;
				GCC_WARN_UNINITIALIZED_AUTOS = YES_AGGRESSIVE;
				GCC_WARN_UNUSED_FUNCTION = YES;
				GCC_WARN_UNUSED_VARIABLE = YES;
				IPHONEOS_DEPLOYMENT_TARGET = 10.0;
				MTL_ENABLE_DEBUG_INFO = YES;
				ONLY_ACTIVE_ARCH = YES;
				SDKROOT = iphoneos;
				SWIFT_ACTIVE_COMPILATION_CONDITIONS = DEBUG;
				SWIFT_OPTIMIZATION_LEVEL = "-Onone";
			};
			name = Debug;
		};
		4B490A60205A0AFD0095E385 /* Release */ = {
			isa = XCBuildConfiguration;
			buildSettings = {
				ALWAYS_SEARCH_USER_PATHS = NO;
				CLANG_ANALYZER_NONNULL = YES;
				CLANG_ANALYZER_NUMBER_OBJECT_CONVERSION = YES_AGGRESSIVE;
				CLANG_CXX_LANGUAGE_STANDARD = "gnu++14";
				CLANG_CXX_LIBRARY = "libc++";
				CLANG_ENABLE_MODULES = YES;
				CLANG_ENABLE_OBJC_ARC = YES;
				CLANG_WARN_BLOCK_CAPTURE_AUTORELEASING = YES;
				CLANG_WARN_BOOL_CONVERSION = YES;
				CLANG_WARN_COMMA = YES;
				CLANG_WARN_CONSTANT_CONVERSION = YES;
				CLANG_WARN_DIRECT_OBJC_ISA_USAGE = YES_ERROR;
				CLANG_WARN_DOCUMENTATION_COMMENTS = YES;
				CLANG_WARN_EMPTY_BODY = YES;
				CLANG_WARN_ENUM_CONVERSION = YES;
				CLANG_WARN_INFINITE_RECURSION = YES;
				CLANG_WARN_INT_CONVERSION = YES;
				CLANG_WARN_NON_LITERAL_NULL_CONVERSION = YES;
				CLANG_WARN_OBJC_LITERAL_CONVERSION = YES;
				CLANG_WARN_OBJC_ROOT_CLASS = YES_ERROR;
				CLANG_WARN_RANGE_LOOP_ANALYSIS = YES;
				CLANG_WARN_STRICT_PROTOTYPES = YES;
				CLANG_WARN_SUSPICIOUS_MOVE = YES;
				CLANG_WARN_UNGUARDED_AVAILABILITY = YES_AGGRESSIVE;
				CLANG_WARN_UNREACHABLE_CODE = YES;
				CLANG_WARN__DUPLICATE_METHOD_MATCH = YES;
				CODE_SIGN_IDENTITY = "iPhone Developer";
				COPY_PHASE_STRIP = NO;
				DEBUG_INFORMATION_FORMAT = "dwarf-with-dsym";
				ENABLE_NS_ASSERTIONS = NO;
				ENABLE_STRICT_OBJC_MSGSEND = YES;
				GCC_C_LANGUAGE_STANDARD = gnu11;
				GCC_NO_COMMON_BLOCKS = YES;
				GCC_WARN_64_TO_32_BIT_CONVERSION = YES;
				GCC_WARN_ABOUT_RETURN_TYPE = YES_ERROR;
				GCC_WARN_UNDECLARED_SELECTOR = YES;
				GCC_WARN_UNINITIALIZED_AUTOS = YES_AGGRESSIVE;
				GCC_WARN_UNUSED_FUNCTION = YES;
				GCC_WARN_UNUSED_VARIABLE = YES;
				IPHONEOS_DEPLOYMENT_TARGET = 10.0;
				MTL_ENABLE_DEBUG_INFO = NO;
				SDKROOT = iphoneos;
				SWIFT_OPTIMIZATION_LEVEL = "-Owholemodule";
				VALIDATE_PRODUCT = YES;
			};
			name = Release;
		};
		4B490A62205A0AFD0095E385 /* Debug */ = {
			isa = XCBuildConfiguration;
			baseConfigurationReference = C2888E3FB123394D149168C1 /* Pods-Template.debug.xcconfig */;
			buildSettings = {
				ASSETCATALOG_COMPILER_APPICON_NAME = AppIcon;
				CODE_SIGN_IDENTITY = "iPhone Distribution: ASIAN TECH COMPANY LIMITED";
				"CODE_SIGN_IDENTITY[sdk=iphoneos*]" = "iPhone Distribution: ASIAN TECH COMPANY LIMITED";
				CODE_SIGN_STYLE = Manual;
				DEVELOPMENT_TEAM = G72ZCJZ827;
				INFOPLIST_FILE = "$(SRCROOT)/Template/Configuration/Info.plist";
				IPHONEOS_DEPLOYMENT_TARGET = 10.0;
				LD_RUNPATH_SEARCH_PATHS = "$(inherited) @executable_path/Frameworks";
				PRODUCT_BUNDLE_IDENTIFIER = vn.asiantech.dev.toranoco;
				PRODUCT_NAME = "$(TARGET_NAME)";
				PROVISIONING_PROFILE = "6ab5a110-d498-40aa-bba9-faf21d70e07d";
				PROVISIONING_PROFILE_SPECIFIER = Toranotec_InHouse_20170306;
				SWIFT_VERSION = 4.0;
				TARGETED_DEVICE_FAMILY = "1,2";
			};
			name = Debug;
		};
		4B490A63205A0AFD0095E385 /* Release */ = {
			isa = XCBuildConfiguration;
			baseConfigurationReference = ED50CEF7A93F3452F6AA38CC /* Pods-Template.release.xcconfig */;
			buildSettings = {
				ASSETCATALOG_COMPILER_APPICON_NAME = AppIcon;
				CODE_SIGN_IDENTITY = "iPhone Distribution: ASIAN TECH COMPANY LIMITED";
				"CODE_SIGN_IDENTITY[sdk=iphoneos*]" = "iPhone Distribution: ASIAN TECH COMPANY LIMITED";
				CODE_SIGN_STYLE = Manual;
				DEVELOPMENT_TEAM = G72ZCJZ827;
				INFOPLIST_FILE = "$(SRCROOT)/Template/Configuration/Info.plist";
				IPHONEOS_DEPLOYMENT_TARGET = 10.0;
				LD_RUNPATH_SEARCH_PATHS = "$(inherited) @executable_path/Frameworks";
				PRODUCT_BUNDLE_IDENTIFIER = vn.asiantech.dev.toranoco;
				PRODUCT_NAME = "$(TARGET_NAME)";
				PROVISIONING_PROFILE = "6ab5a110-d498-40aa-bba9-faf21d70e07d";
				PROVISIONING_PROFILE_SPECIFIER = Toranotec_InHouse_20170306;
				SWIFT_VERSION = 4.0;
				TARGETED_DEVICE_FAMILY = "1,2";
			};
			name = Release;
		};
/* End XCBuildConfiguration section */

/* Begin XCConfigurationList section */
		4B490A4A205A0AFD0095E385 /* Build configuration list for PBXProject "Template" */ = {
			isa = XCConfigurationList;
			buildConfigurations = (
				4B490A5F205A0AFD0095E385 /* Debug */,
				4B490A60205A0AFD0095E385 /* Release */,
			);
			defaultConfigurationIsVisible = 0;
			defaultConfigurationName = Release;
		};
		4B490A61205A0AFD0095E385 /* Build configuration list for PBXNativeTarget "Template" */ = {
			isa = XCConfigurationList;
			buildConfigurations = (
				4B490A62205A0AFD0095E385 /* Debug */,
				4B490A63205A0AFD0095E385 /* Release */,
			);
			defaultConfigurationIsVisible = 0;
			defaultConfigurationName = Release;
		};
/* End XCConfigurationList section */
	};
	rootObject = 4B490A47205A0AFD0095E385 /* Project object */;
}
